
Microsoft Visual Studio Solution File, Format Version 12.00
# Visual Studio Version 17
VisualStudioVersion = 17.7.34202.233
MinimumVisualStudioVersion = 10.0.40219.1
Project("{FAE04EC0-301F-11D3-BF4B-00C04F79EFBC}") = "atividade1", "atividade1.csproj", "{806440E9-F467-4902-97F2-E79106198B3A}"
EndProject
Global
	GlobalSection(SolutionConfigurationPlatforms) = preSolution
		Debug|Any CPU = Debug|Any CPU
		Release|Any CPU = Release|Any CPU
	EndGlobalSection
	GlobalSection(ProjectConfigurationPlatforms) = postSolution
		{806440E9-F467-4902-97F2-E79106198B3A}.Debug|Any CPU.ActiveCfg = Debug|Any CPU
		{806440E9-F467-4902-97F2-E79106198B3A}.Debug|Any CPU.Build.0 = Debug|Any CPU
		{806440E9-F467-4902-97F2-E79106198B3A}.Release|Any CPU.ActiveCfg = Release|Any CPU
		{806440E9-F467-4902-97F2-E79106198B3A}.Release|Any CPU.Build.0 = Release|Any CPU
	EndGlobalSection
	GlobalSection(SolutionProperties) = preSolution
		HideSolutionNode = FALSE
	EndGlobalSection
	GlobalSection(ExtensibilityGlobals) = postSolution
		SolutionGuid = {15CEEF36-C636-4FFF-98C9-D26099B2B789}
	EndGlobalSection
EndGlobal
